// !$*UTF8*$!
{
	archiveVersion = 1;
	classes = {
	};
	objectVersion = 46;
	objects = {

/* Begin PBXBuildFile section */
		742DDB2C1A78DFE9006F8A65 /* VSAppDelegate.m in Sources */ = {isa = PBXBuildFile; fileRef = 742DDB1C1A78DFE9006F8A65 /* VSAppDelegate.m */; };
		742DDB2D1A78DFE9006F8A65 /* VSDetailViewController.m in Sources */ = {isa = PBXBuildFile; fileRef = 742DDB1E1A78DFE9006F8A65 /* VSDetailViewController.m */; };
		742DDB2E1A78DFE9006F8A65 /* VSElapsedSpeedTestCase.m in Sources */ = {isa = PBXBuildFile; fileRef = 742DDB201A78DFE9006F8A65 /* VSElapsedSpeedTestCase.m */; };
		742DDB2F1A78DFE9006F8A65 /* VSMasterViewController.m in Sources */ = {isa = PBXBuildFile; fileRef = 742DDB221A78DFE9006F8A65 /* VSMasterViewController.m */; };
		742DDB301A78DFE9006F8A65 /* VSTestContext.m in Sources */ = {isa = PBXBuildFile; fileRef = 742DDB241A78DFE9006F8A65 /* VSTestContext.m */; };
		742DDB311A78DFE9006F8A65 /* VSTestResult.m in Sources */ = {isa = PBXBuildFile; fileRef = 742DDB261A78DFE9006F8A65 /* VSTestResult.m */; };
		742DDB321A78DFE9006F8A65 /* VSTestCase.m in Sources */ = {isa = PBXBuildFile; fileRef = 742DDB281A78DFE9006F8A65 /* VSTestCase.m */; };
		74397DFC19C1F69200D37966 /* Foundation.framework in Frameworks */ = {isa = PBXBuildFile; fileRef = 74397DFB19C1F69200D37966 /* Foundation.framework */; };
		74397DFE19C1F69200D37966 /* CoreGraphics.framework in Frameworks */ = {isa = PBXBuildFile; fileRef = 74397DFD19C1F69200D37966 /* CoreGraphics.framework */; };
		74397E0019C1F69200D37966 /* UIKit.framework in Frameworks */ = {isa = PBXBuildFile; fileRef = 74397DFF19C1F69200D37966 /* UIKit.framework */; };
		74397E0619C1F69200D37966 /* InfoPlist.strings in Resources */ = {isa = PBXBuildFile; fileRef = 74397E0419C1F69200D37966 /* InfoPlist.strings */; };
		74397E0819C1F69200D37966 /* main.m in Sources */ = {isa = PBXBuildFile; fileRef = 74397E0719C1F69200D37966 /* main.m */; };
		74397E1719C1F69200D37966 /* Images.xcassets in Resources */ = {isa = PBXBuildFile; fileRef = 74397E1619C1F69200D37966 /* Images.xcassets */; };
		74397E1F19C1F69200D37966 /* Foundation.framework in Frameworks */ = {isa = PBXBuildFile; fileRef = 74397DFB19C1F69200D37966 /* Foundation.framework */; };
		74397E2019C1F69200D37966 /* UIKit.framework in Frameworks */ = {isa = PBXBuildFile; fileRef = 74397DFF19C1F69200D37966 /* UIKit.framework */; };
		74397E2819C1F69200D37966 /* InfoPlist.strings in Resources */ = {isa = PBXBuildFile; fileRef = 74397E2619C1F69200D37966 /* InfoPlist.strings */; };
		74397E2A19C1F69200D37966 /* VSTestsTests.m in Sources */ = {isa = PBXBuildFile; fileRef = 74397E2919C1F69200D37966 /* VSTestsTests.m */; };
		74397E4B19C30E1800D37966 /* Utilities.h in Sources */ = {isa = PBXBuildFile; fileRef = 74397E4A19C30E1800D37966 /* Utilities.h */; };
		7447E7F31A0A802100BD264D /* TFImageDownloadTestCase.m in Sources */ = {isa = PBXBuildFile; fileRef = 7447E7F21A0A802100BD264D /* TFImageDownloadTestCase.m */; };
		747E516E1A78EAA7000BD6CB /* MMStopwatchARC.m in Sources */ = {isa = PBXBuildFile; fileRef = 747E516D1A78EAA7000BD6CB /* MMStopwatchARC.m */; };
		F1A76E5FC1F646E0ACA0A8A6 /* libPods-VSTests.a in Frameworks */ = {isa = PBXBuildFile; fileRef = ED7C1AD6041448D3A1775759 /* libPods-VSTests.a */; };
/* End PBXBuildFile section */

/* Begin PBXContainerItemProxy section */
		74397E2119C1F69200D37966 /* PBXContainerItemProxy */ = {
			isa = PBXContainerItemProxy;
			containerPortal = 74397DF019C1F69200D37966 /* Project object */;
			proxyType = 1;
			remoteGlobalIDString = 74397DF719C1F69200D37966;
			remoteInfo = VSTests;
		};
/* End PBXContainerItemProxy section */

/* Begin PBXFileReference section */
		742DDB161A78DBF0006F8A65 /* SenTestingKit.framework */ = {isa = PBXFileReference; lastKnownFileType = wrapper.framework; name = SenTestingKit.framework; path = Library/Frameworks/SenTestingKit.framework; sourceTree = DEVELOPER_DIR; };
		742DDB1B1A78DFE9006F8A65 /* VSAppDelegate.h */ = {isa = PBXFileReference; fileEncoding = 4; lastKnownFileType = sourcecode.c.h; path = VSAppDelegate.h; sourceTree = "<group>"; };
		742DDB1C1A78DFE9006F8A65 /* VSAppDelegate.m */ = {isa = PBXFileReference; fileEncoding = 4; lastKnownFileType = sourcecode.c.objc; path = VSAppDelegate.m; sourceTree = "<group>"; };
		742DDB1D1A78DFE9006F8A65 /* VSDetailViewController.h */ = {isa = PBXFileReference; fileEncoding = 4; lastKnownFileType = sourcecode.c.h; path = VSDetailViewController.h; sourceTree = "<group>"; };
		742DDB1E1A78DFE9006F8A65 /* VSDetailViewController.m */ = {isa = PBXFileReference; fileEncoding = 4; lastKnownFileType = sourcecode.c.objc; path = VSDetailViewController.m; sourceTree = "<group>"; };
		742DDB1F1A78DFE9006F8A65 /* VSElapsedSpeedTestCase.h */ = {isa = PBXFileReference; fileEncoding = 4; lastKnownFileType = sourcecode.c.h; path = VSElapsedSpeedTestCase.h; sourceTree = "<group>"; };
		742DDB201A78DFE9006F8A65 /* VSElapsedSpeedTestCase.m */ = {isa = PBXFileReference; fileEncoding = 4; lastKnownFileType = sourcecode.c.objc; path = VSElapsedSpeedTestCase.m; sourceTree = "<group>"; };
		742DDB211A78DFE9006F8A65 /* VSMasterViewController.h */ = {isa = PBXFileReference; fileEncoding = 4; lastKnownFileType = sourcecode.c.h; path = VSMasterViewController.h; sourceTree = "<group>"; };
		742DDB221A78DFE9006F8A65 /* VSMasterViewController.m */ = {isa = PBXFileReference; fileEncoding = 4; lastKnownFileType = sourcecode.c.objc; path = VSMasterViewController.m; sourceTree = "<group>"; };
		742DDB231A78DFE9006F8A65 /* VSTestContext.h */ = {isa = PBXFileReference; fileEncoding = 4; lastKnownFileType = sourcecode.c.h; path = VSTestContext.h; sourceTree = "<group>"; };
		742DDB241A78DFE9006F8A65 /* VSTestContext.m */ = {isa = PBXFileReference; fileEncoding = 4; lastKnownFileType = sourcecode.c.objc; path = VSTestContext.m; sourceTree = "<group>"; };
		742DDB251A78DFE9006F8A65 /* VSTestResult.h */ = {isa = PBXFileReference; fileEncoding = 4; lastKnownFileType = sourcecode.c.h; path = VSTestResult.h; sourceTree = "<group>"; };
		742DDB261A78DFE9006F8A65 /* VSTestResult.m */ = {isa = PBXFileReference; fileEncoding = 4; lastKnownFileType = sourcecode.c.objc; path = VSTestResult.m; sourceTree = "<group>"; };
		742DDB271A78DFE9006F8A65 /* VSTestCase.h */ = {isa = PBXFileReference; fileEncoding = 4; lastKnownFileType = sourcecode.c.h; path = VSTestCase.h; sourceTree = "<group>"; };
		742DDB281A78DFE9006F8A65 /* VSTestCase.m */ = {isa = PBXFileReference; fileEncoding = 4; lastKnownFileType = sourcecode.c.objc; path = VSTestCase.m; sourceTree = "<group>"; };
		74397DF819C1F69200D37966 /* VSTests.app */ = {isa = PBXFileReference; explicitFileType = wrapper.application; includeInIndex = 0; path = VSTests.app; sourceTree = BUILT_PRODUCTS_DIR; };
		74397DFB19C1F69200D37966 /* Foundation.framework */ = {isa = PBXFileReference; lastKnownFileType = wrapper.framework; name = Foundation.framework; path = System/Library/Frameworks/Foundation.framework; sourceTree = SDKROOT; };
		74397DFD19C1F69200D37966 /* CoreGraphics.framework */ = {isa = PBXFileReference; lastKnownFileType = wrapper.framework; name = CoreGraphics.framework; path = System/Library/Frameworks/CoreGraphics.framework; sourceTree = SDKROOT; };
		74397DFF19C1F69200D37966 /* UIKit.framework */ = {isa = PBXFileReference; lastKnownFileType = wrapper.framework; name = UIKit.framework; path = System/Library/Frameworks/UIKit.framework; sourceTree = SDKROOT; };
		74397E0319C1F69200D37966 /* VSTests-Info.plist */ = {isa = PBXFileReference; lastKnownFileType = text.plist.xml; path = "VSTests-Info.plist"; sourceTree = "<group>"; };
		74397E0519C1F69200D37966 /* en */ = {isa = PBXFileReference; lastKnownFileType = text.plist.strings; name = en; path = en.lproj/InfoPlist.strings; sourceTree = "<group>"; };
		74397E0719C1F69200D37966 /* main.m */ = {isa = PBXFileReference; lastKnownFileType = sourcecode.c.objc; path = main.m; sourceTree = "<group>"; };
		74397E0919C1F69200D37966 /* VSTests-Prefix.pch */ = {isa = PBXFileReference; lastKnownFileType = sourcecode.c.h; path = "VSTests-Prefix.pch"; sourceTree = "<group>"; };
		74397E1619C1F69200D37966 /* Images.xcassets */ = {isa = PBXFileReference; lastKnownFileType = folder.assetcatalog; path = Images.xcassets; sourceTree = "<group>"; };
		74397E1C19C1F69200D37966 /* VSTestsTests.xctest */ = {isa = PBXFileReference; explicitFileType = wrapper.cfbundle; includeInIndex = 0; path = VSTestsTests.xctest; sourceTree = BUILT_PRODUCTS_DIR; };
		74397E1D19C1F69200D37966 /* XCTest.framework */ = {isa = PBXFileReference; lastKnownFileType = wrapper.framework; name = XCTest.framework; path = Library/Frameworks/XCTest.framework; sourceTree = DEVELOPER_DIR; };
		74397E2519C1F69200D37966 /* VSTestsTests-Info.plist */ = {isa = PBXFileReference; lastKnownFileType = text.plist.xml; path = "VSTestsTests-Info.plist"; sourceTree = "<group>"; };
		74397E2719C1F69200D37966 /* en */ = {isa = PBXFileReference; lastKnownFileType = text.plist.strings; name = en; path = en.lproj/InfoPlist.strings; sourceTree = "<group>"; };
		74397E2919C1F69200D37966 /* VSTestsTests.m */ = {isa = PBXFileReference; lastKnownFileType = sourcecode.c.objc; path = VSTestsTests.m; sourceTree = "<group>"; };
		74397E4A19C30E1800D37966 /* Utilities.h */ = {isa = PBXFileReference; fileEncoding = 4; lastKnownFileType = sourcecode.c.h; path = Utilities.h; sourceTree = "<group>"; };
		7447E7F11A0A802100BD264D /* TFImageBlurTestCase.h */ = {isa = PBXFileReference; fileEncoding = 4; lastKnownFileType = sourcecode.c.h; name = TFImageBlurTestCase.h; path = Tests/TFImageBlurTestCase.h; sourceTree = "<group>"; };
		7447E7F21A0A802100BD264D /* TFImageDownloadTestCase.m */ = {isa = PBXFileReference; fileEncoding = 4; lastKnownFileType = sourcecode.c.objc; name = TFImageDownloadTestCase.m; path = Tests/TFImageDownloadTestCase.m; sourceTree = "<group>"; };
		747E516C1A78EAA7000BD6CB /* MMStopwatchARC.h */ = {isa = PBXFileReference; fileEncoding = 4; lastKnownFileType = sourcecode.c.h; path = MMStopwatchARC.h; sourceTree = "<group>"; };
		747E516D1A78EAA7000BD6CB /* MMStopwatchARC.m */ = {isa = PBXFileReference; fileEncoding = 4; lastKnownFileType = sourcecode.c.objc; path = MMStopwatchARC.m; sourceTree = "<group>"; };
		D0854E63E81747B5958CF456 /* Pods-VSTests.xcconfig */ = {isa = PBXFileReference; includeInIndex = 1; lastKnownFileType = text.xcconfig; name = "Pods-VSTests.xcconfig"; path = "Pods/Pods-VSTests.xcconfig"; sourceTree = "<group>"; };
		ED7C1AD6041448D3A1775759 /* libPods-VSTests.a */ = {isa = PBXFileReference; explicitFileType = archive.ar; includeInIndex = 0; path = "libPods-VSTests.a"; sourceTree = BUILT_PRODUCTS_DIR; };
/* End PBXFileReference section */

/* Begin PBXFrameworksBuildPhase section */
		74397DF519C1F69200D37966 /* Frameworks */ = {
			isa = PBXFrameworksBuildPhase;
			buildActionMask = 2147483647;
			files = (
				74397DFE19C1F69200D37966 /* CoreGraphics.framework in Frameworks */,
				74397E0019C1F69200D37966 /* UIKit.framework in Frameworks */,
				74397DFC19C1F69200D37966 /* Foundation.framework in Frameworks */,
				F1A76E5FC1F646E0ACA0A8A6 /* libPods-VSTests.a in Frameworks */,
			);
			runOnlyForDeploymentPostprocessing = 0;
		};
		74397E1919C1F69200D37966 /* Frameworks */ = {
			isa = PBXFrameworksBuildPhase;
			buildActionMask = 2147483647;
			files = (
				74397E2019C1F69200D37966 /* UIKit.framework in Frameworks */,
				74397E1F19C1F69200D37966 /* Foundation.framework in Frameworks */,
			);
			runOnlyForDeploymentPostprocessing = 0;
		};
/* End PBXFrameworksBuildPhase section */

/* Begin PBXGroup section */
		1AE692C319C2CE6800377477 /* Tests */ = {
			isa = PBXGroup;
			children = (
				7447E7F11A0A802100BD264D /* TFImageBlurTestCase.h */,
				7447E7F21A0A802100BD264D /* TFImageDownloadTestCase.m */,
			);
			name = Tests;
			sourceTree = "<group>";
		};
		742DDB181A78DFE9006F8A65 /* Classes */ = {
			isa = PBXGroup;
			children = (
				742DDB1B1A78DFE9006F8A65 /* VSAppDelegate.h */,
				742DDB1C1A78DFE9006F8A65 /* VSAppDelegate.m */,
				742DDB1D1A78DFE9006F8A65 /* VSDetailViewController.h */,
				742DDB1E1A78DFE9006F8A65 /* VSDetailViewController.m */,
				742DDB1F1A78DFE9006F8A65 /* VSElapsedSpeedTestCase.h */,
				742DDB201A78DFE9006F8A65 /* VSElapsedSpeedTestCase.m */,
				742DDB211A78DFE9006F8A65 /* VSMasterViewController.h */,
				742DDB221A78DFE9006F8A65 /* VSMasterViewController.m */,
				742DDB231A78DFE9006F8A65 /* VSTestContext.h */,
				742DDB241A78DFE9006F8A65 /* VSTestContext.m */,
				742DDB251A78DFE9006F8A65 /* VSTestResult.h */,
				742DDB261A78DFE9006F8A65 /* VSTestResult.m */,
				742DDB271A78DFE9006F8A65 /* VSTestCase.h */,
				742DDB281A78DFE9006F8A65 /* VSTestCase.m */,
			);
			path = Classes;
			sourceTree = "<group>";
		};
		74397DEF19C1F69200D37966 = {
			isa = PBXGroup;
			children = (
				74397E0119C1F69200D37966 /* VSTests */,
				74397E2319C1F69200D37966 /* VSTestsTests */,
				74397DFA19C1F69200D37966 /* Frameworks */,
				74397DF919C1F69200D37966 /* Products */,
				D0854E63E81747B5958CF456 /* Pods-VSTests.xcconfig */,
			);
			sourceTree = "<group>";
		};
		74397DF919C1F69200D37966 /* Products */ = {
			isa = PBXGroup;
			children = (
				74397DF819C1F69200D37966 /* VSTests.app */,
				74397E1C19C1F69200D37966 /* VSTestsTests.xctest */,
			);
			name = Products;
			sourceTree = "<group>";
		};
		74397DFA19C1F69200D37966 /* Frameworks */ = {
			isa = PBXGroup;
			children = (
				742DDB161A78DBF0006F8A65 /* SenTestingKit.framework */,
				74397DFB19C1F69200D37966 /* Foundation.framework */,
				74397DFD19C1F69200D37966 /* CoreGraphics.framework */,
				74397DFF19C1F69200D37966 /* UIKit.framework */,
				74397E1D19C1F69200D37966 /* XCTest.framework */,
				ED7C1AD6041448D3A1775759 /* libPods-VSTests.a */,
			);
			name = Frameworks;
			sourceTree = "<group>";
		};
		74397E0119C1F69200D37966 /* VSTests */ = {
			isa = PBXGroup;
			children = (
				747E516A1A78EAA7000BD6CB /* Libraries */,
				742DDB181A78DFE9006F8A65 /* Classes */,
				1AE692C319C2CE6800377477 /* Tests */,
				74397E1619C1F69200D37966 /* Images.xcassets */,
				74397E0219C1F69200D37966 /* Supporting Files */,
				74397E4A19C30E1800D37966 /* Utilities.h */,
			);
			path = VSTests;
			sourceTree = "<group>";
		};
		74397E0219C1F69200D37966 /* Supporting Files */ = {
			isa = PBXGroup;
			children = (
				74397E0319C1F69200D37966 /* VSTests-Info.plist */,
				74397E0419C1F69200D37966 /* InfoPlist.strings */,
				74397E0719C1F69200D37966 /* main.m */,
				74397E0919C1F69200D37966 /* VSTests-Prefix.pch */,
			);
			name = "Supporting Files";
			sourceTree = "<group>";
		};
		74397E2319C1F69200D37966 /* VSTestsTests */ = {
			isa = PBXGroup;
			children = (
				74397E2919C1F69200D37966 /* VSTestsTests.m */,
				74397E2419C1F69200D37966 /* Supporting Files */,
			);
			path = VSTestsTests;
			sourceTree = "<group>";
		};
		74397E2419C1F69200D37966 /* Supporting Files */ = {
			isa = PBXGroup;
			children = (
				74397E2519C1F69200D37966 /* VSTestsTests-Info.plist */,
				74397E2619C1F69200D37966 /* InfoPlist.strings */,
			);
			name = "Supporting Files";
			sourceTree = "<group>";
		};
		747E516A1A78EAA7000BD6CB /* Libraries */ = {
			isa = PBXGroup;
			children = (
				747E516B1A78EAA7000BD6CB /* MMStopWatch */,
			);
			path = Libraries;
			sourceTree = "<group>";
		};
		747E516B1A78EAA7000BD6CB /* MMStopWatch */ = {
			isa = PBXGroup;
			children = (
				747E516C1A78EAA7000BD6CB /* MMStopwatchARC.h */,
				747E516D1A78EAA7000BD6CB /* MMStopwatchARC.m */,
			);
			path = MMStopWatch;
			sourceTree = "<group>";
		};
/* End PBXGroup section */

/* Begin PBXNativeTarget section */
		74397DF719C1F69200D37966 /* VSTests */ = {
			isa = PBXNativeTarget;
			buildConfigurationList = 74397E2D19C1F69200D37966 /* Build configuration list for PBXNativeTarget "VSTests" */;
			buildPhases = (
				53687BAFC4664C1A8C0AECA2 /* Check Pods Manifest.lock */,
				74397DF419C1F69200D37966 /* Sources */,
				74397DF519C1F69200D37966 /* Frameworks */,
				74397DF619C1F69200D37966 /* Resources */,
				A2CD58D227AE4F638C84EC23 /* Copy Pods Resources */,
			);
			buildRules = (
			);
			dependencies = (
			);
			name = VSTests;
			productName = VSTests;
			productReference = 74397DF819C1F69200D37966 /* VSTests.app */;
			productType = "com.apple.product-type.application";
		};
		74397E1B19C1F69200D37966 /* VSTestsTests */ = {
			isa = PBXNativeTarget;
			buildConfigurationList = 74397E3019C1F69200D37966 /* Build configuration list for PBXNativeTarget "VSTestsTests" */;
			buildPhases = (
				74397E1819C1F69200D37966 /* Sources */,
				74397E1919C1F69200D37966 /* Frameworks */,
				74397E1A19C1F69200D37966 /* Resources */,
			);
			buildRules = (
			);
			dependencies = (
				74397E2219C1F69200D37966 /* PBXTargetDependency */,
			);
			name = VSTestsTests;
			productName = VSTestsTests;
			productReference = 74397E1C19C1F69200D37966 /* VSTestsTests.xctest */;
			productType = "com.apple.product-type.bundle.unit-test";
		};
/* End PBXNativeTarget section */

/* Begin PBXProject section */
		74397DF019C1F69200D37966 /* Project object */ = {
			isa = PBXProject;
			attributes = {
				CLASSPREFIX = TF;
				LastUpgradeCheck = 0510;
				ORGANIZATIONNAME = "James Campbell";
				TargetAttributes = {
					74397DF719C1F69200D37966 = {
						DevelopmentTeam = 2ZD7MNBBZQ;
					};
					74397E1B19C1F69200D37966 = {
						TestTargetID = 74397DF719C1F69200D37966;
					};
				};
			};
			buildConfigurationList = 74397DF319C1F69200D37966 /* Build configuration list for PBXProject "VSTests" */;
			compatibilityVersion = "Xcode 3.2";
			developmentRegion = English;
			hasScannedForEncodings = 0;
			knownRegions = (
				en,
				Base,
			);
			mainGroup = 74397DEF19C1F69200D37966;
			productRefGroup = 74397DF919C1F69200D37966 /* Products */;
			projectDirPath = "";
			projectRoot = "";
			targets = (
				74397DF719C1F69200D37966 /* VSTests */,
				74397E1B19C1F69200D37966 /* VSTestsTests */,
			);
		};
/* End PBXProject section */

/* Begin PBXResourcesBuildPhase section */
		74397DF619C1F69200D37966 /* Resources */ = {
			isa = PBXResourcesBuildPhase;
			buildActionMask = 2147483647;
			files = (
				74397E1719C1F69200D37966 /* Images.xcassets in Resources */,
				74397E0619C1F69200D37966 /* InfoPlist.strings in Resources */,
			);
			runOnlyForDeploymentPostprocessing = 0;
		};
		74397E1A19C1F69200D37966 /* Resources */ = {
			isa = PBXResourcesBuildPhase;
			buildActionMask = 2147483647;
			files = (
				74397E2819C1F69200D37966 /* InfoPlist.strings in Resources */,
			);
			runOnlyForDeploymentPostprocessing = 0;
		};
/* End PBXResourcesBuildPhase section */

/* Begin PBXShellScriptBuildPhase section */
		53687BAFC4664C1A8C0AECA2 /* Check Pods Manifest.lock */ = {
			isa = PBXShellScriptBuildPhase;
			buildActionMask = 2147483647;
			files = (
			);
			inputPaths = (
			);
			name = "Check Pods Manifest.lock";
			outputPaths = (
			);
			runOnlyForDeploymentPostprocessing = 0;
			shellPath = /bin/sh;
			shellScript = "diff \"${PODS_ROOT}/../Podfile.lock\" \"${PODS_ROOT}/Manifest.lock\" > /dev/null\nif [[ $? != 0 ]] ; then\n    cat << EOM\nerror: The sandbox is not in sync with the Podfile.lock. Run 'pod install' or update your CocoaPods installation.\nEOM\n    exit 1\nfi\n";
			showEnvVarsInLog = 0;
		};
		A2CD58D227AE4F638C84EC23 /* Copy Pods Resources */ = {
			isa = PBXShellScriptBuildPhase;
			buildActionMask = 2147483647;
			files = (
			);
			inputPaths = (
			);
			name = "Copy Pods Resources";
			outputPaths = (
			);
			runOnlyForDeploymentPostprocessing = 0;
			shellPath = /bin/sh;
			shellScript = "\"${SRCROOT}/Pods/Pods-VSTests-resources.sh\"\n";
			showEnvVarsInLog = 0;
		};
/* End PBXShellScriptBuildPhase section */

/* Begin PBXSourcesBuildPhase section */
		74397DF419C1F69200D37966 /* Sources */ = {
			isa = PBXSourcesBuildPhase;
			buildActionMask = 2147483647;
			files = (
				742DDB321A78DFE9006F8A65 /* VSTestCase.m in Sources */,
				742DDB301A78DFE9006F8A65 /* VSTestContext.m in Sources */,
				747E516E1A78EAA7000BD6CB /* MMStopwatchARC.m in Sources */,
				742DDB2F1A78DFE9006F8A65 /* VSMasterViewController.m in Sources */,
				742DDB2C1A78DFE9006F8A65 /* VSAppDelegate.m in Sources */,
				742DDB2E1A78DFE9006F8A65 /* VSElapsedSpeedTestCase.m in Sources */,
				74397E4B19C30E1800D37966 /* Utilities.h in Sources */,
				742DDB311A78DFE9006F8A65 /* VSTestResult.m in Sources */,
				742DDB2D1A78DFE9006F8A65 /* VSDetailViewController.m in Sources */,
				7447E7F31A0A802100BD264D /* TFImageDownloadTestCase.m in Sources */,
				74397E0819C1F69200D37966 /* main.m in Sources */,
			);
			runOnlyForDeploymentPostprocessing = 0;
		};
		74397E1819C1F69200D37966 /* Sources */ = {
			isa = PBXSourcesBuildPhase;
			buildActionMask = 2147483647;
			files = (
				74397E2A19C1F69200D37966 /* VSTestsTests.m in Sources */,
			);
			runOnlyForDeploymentPostprocessing = 0;
		};
/* End PBXSourcesBuildPhase section */

/* Begin PBXTargetDependency section */
		74397E2219C1F69200D37966 /* PBXTargetDependency */ = {
			isa = PBXTargetDependency;
			target = 74397DF719C1F69200D37966 /* VSTests */;
			targetProxy = 74397E2119C1F69200D37966 /* PBXContainerItemProxy */;
		};
/* End PBXTargetDependency section */

/* Begin PBXVariantGroup section */
		74397E0419C1F69200D37966 /* InfoPlist.strings */ = {
			isa = PBXVariantGroup;
			children = (
				74397E0519C1F69200D37966 /* en */,
			);
			name = InfoPlist.strings;
			sourceTree = "<group>";
		};
		74397E2619C1F69200D37966 /* InfoPlist.strings */ = {
			isa = PBXVariantGroup;
			children = (
				74397E2719C1F69200D37966 /* en */,
			);
			name = InfoPlist.strings;
			sourceTree = "<group>";
		};
/* End PBXVariantGroup section */

/* Begin XCBuildConfiguration section */
		74397E2B19C1F69200D37966 /* Debug */ = {
			isa = XCBuildConfiguration;
			buildSettings = {
				ALWAYS_SEARCH_USER_PATHS = NO;
				CLANG_CXX_LANGUAGE_STANDARD = "gnu++0x";
				CLANG_CXX_LIBRARY = "libc++";
				CLANG_ENABLE_MODULES = YES;
				CLANG_ENABLE_OBJC_ARC = YES;
				CLANG_WARN_BOOL_CONVERSION = YES;
				CLANG_WARN_CONSTANT_CONVERSION = YES;
				CLANG_WARN_DIRECT_OBJC_ISA_USAGE = YES_ERROR;
				CLANG_WARN_EMPTY_BODY = YES;
				CLANG_WARN_ENUM_CONVERSION = YES;
				CLANG_WARN_INT_CONVERSION = YES;
				CLANG_WARN_OBJC_ROOT_CLASS = YES_ERROR;
				CLANG_WARN__DUPLICATE_METHOD_MATCH = YES;
				"CODE_SIGN_IDENTITY[sdk=iphoneos*]" = "iPhone Developer";
				COPY_PHASE_STRIP = NO;
				GCC_C_LANGUAGE_STANDARD = gnu99;
				GCC_DYNAMIC_NO_PIC = NO;
				GCC_OPTIMIZATION_LEVEL = 0;
				GCC_PREPROCESSOR_DEFINITIONS = (
					"DEBUG=1",
					"$(inherited)",
				);
				GCC_SYMBOLS_PRIVATE_EXTERN = NO;
				GCC_WARN_64_TO_32_BIT_CONVERSION = YES;
				GCC_WARN_ABOUT_RETURN_TYPE = YES_ERROR;
				GCC_WARN_UNDECLARED_SELECTOR = YES;
				GCC_WARN_UNINITIALIZED_AUTOS = YES_AGGRESSIVE;
				GCC_WARN_UNUSED_FUNCTION = YES;
				GCC_WARN_UNUSED_VARIABLE = YES;
				IPHONEOS_DEPLOYMENT_TARGET = 7.1;
				ONLY_ACTIVE_ARCH = YES;
				SDKROOT = iphoneos;
				TARGETED_DEVICE_FAMILY = 2;
			};
			name = Debug;
		};
		74397E2C19C1F69200D37966 /* Release */ = {
			isa = XCBuildConfiguration;
			buildSettings = {
				ALWAYS_SEARCH_USER_PATHS = NO;
				CLANG_CXX_LANGUAGE_STANDARD = "gnu++0x";
				CLANG_CXX_LIBRARY = "libc++";
				CLANG_ENABLE_MODULES = YES;
				CLANG_ENABLE_OBJC_ARC = YES;
				CLANG_WARN_BOOL_CONVERSION = YES;
				CLANG_WARN_CONSTANT_CONVERSION = YES;
				CLANG_WARN_DIRECT_OBJC_ISA_USAGE = YES_ERROR;
				CLANG_WARN_EMPTY_BODY = YES;
				CLANG_WARN_ENUM_CONVERSION = YES;
				CLANG_WARN_INT_CONVERSION = YES;
				CLANG_WARN_OBJC_ROOT_CLASS = YES_ERROR;
				CLANG_WARN__DUPLICATE_METHOD_MATCH = YES;
				"CODE_SIGN_IDENTITY[sdk=iphoneos*]" = "iPhone Developer";
				COPY_PHASE_STRIP = YES;
				ENABLE_NS_ASSERTIONS = NO;
				GCC_C_LANGUAGE_STANDARD = gnu99;
				GCC_WARN_64_TO_32_BIT_CONVERSION = YES;
				GCC_WARN_ABOUT_RETURN_TYPE = YES_ERROR;
				GCC_WARN_UNDECLARED_SELECTOR = YES;
				GCC_WARN_UNINITIALIZED_AUTOS = YES_AGGRESSIVE;
				GCC_WARN_UNUSED_FUNCTION = YES;
				GCC_WARN_UNUSED_VARIABLE = YES;
				IPHONEOS_DEPLOYMENT_TARGET = 7.1;
				SDKROOT = iphoneos;
				TARGETED_DEVICE_FAMILY = 2;
				VALIDATE_PRODUCT = YES;
			};
			name = Release;
		};
		74397E2E19C1F69200D37966 /* Debug */ = {
			isa = XCBuildConfiguration;
			baseConfigurationReference = D0854E63E81747B5958CF456 /* Pods-VSTests.xcconfig */;
			buildSettings = {
				ASSETCATALOG_COMPILER_APPICON_NAME = AppIcon;
				ASSETCATALOG_COMPILER_LAUNCHIMAGE_NAME = LaunchImage;
				CODE_SIGN_IDENTITY = "";
				FRAMEWORK_SEARCH_PATHS = (
					"$(inherited)",
					"$(DEVELOPER_FRAMEWORKS_DIR)",
				);
				GCC_PRECOMPILE_PREFIX_HEADER = YES;
				GCC_PREFIX_HEADER = "VSTests/VSTests-Prefix.pch";
				INFOPLIST_FILE = "VSTests/VSTests-Info.plist";
				OTHER_LDFLAGS = (
					"-ObjC",
					"-framework",
					CoreData,
					"-framework",
					CoreGraphics,
					"-framework",
					MobileCoreServices,
					"-framework",
					QuartzCore,
					"-framework",
					Security,
					"-framework",
					SystemConfiguration,
				);
				PRODUCT_NAME = "$(TARGET_NAME)";
				PROVISIONING_PROFILE = "";
				WRAPPER_EXTENSION = app;
			};
			name = Debug;
		};
		74397E2F19C1F69200D37966 /* Release */ = {
			isa = XCBuildConfiguration;
			baseConfigurationReference = D0854E63E81747B5958CF456 /* Pods-VSTests.xcconfig */;
			buildSettings = {
				ASSETCATALOG_COMPILER_APPICON_NAME = AppIcon;
				ASSETCATALOG_COMPILER_LAUNCHIMAGE_NAME = LaunchImage;
				CODE_SIGN_IDENTITY = "";
				FRAMEWORK_SEARCH_PATHS = (
					"$(inherited)",
					"$(DEVELOPER_FRAMEWORKS_DIR)",
				);
				GCC_PRECOMPILE_PREFIX_HEADER = YES;
				GCC_PREFIX_HEADER = "VSTests/VSTests-Prefix.pch";
				INFOPLIST_FILE = "VSTests/VSTests-Info.plist";
				OTHER_LDFLAGS = (
					"-ObjC",
					"-framework",
					CoreData,
					"-framework",
					CoreGraphics,
					"-framework",
					MobileCoreServices,
					"-framework",
					QuartzCore,
					"-framework",
					Security,
					"-framework",
					SystemConfiguration,
				);
				PRODUCT_NAME = "$(TARGET_NAME)";
				PROVISIONING_PROFILE = "";
				WRAPPER_EXTENSION = app;
			};
			name = Release;
		};
		74397E3119C1F69200D37966 /* Debug */ = {
			isa = XCBuildConfiguration;
			buildSettings = {
				BUNDLE_LOADER = "$(BUILT_PRODUCTS_DIR)/VSTests.app/VSTests";
				FRAMEWORK_SEARCH_PATHS = (
					"$(SDKROOT)/Developer/Library/Frameworks",
					"$(inherited)",
					"$(DEVELOPER_FRAMEWORKS_DIR)",
				);
				GCC_PRECOMPILE_PREFIX_HEADER = YES;
				GCC_PREFIX_HEADER = "VSTests/VSTests-Prefix.pch";
				GCC_PREPROCESSOR_DEFINITIONS = (
					"DEBUG=1",
					"$(inherited)",
				);
				INFOPLIST_FILE = "VSTestsTests/VSTestsTests-Info.plist";
				PRODUCT_NAME = "$(TARGET_NAME)";
				TEST_HOST = "$(BUNDLE_LOADER)";
				WRAPPER_EXTENSION = xctest;
			};
			name = Debug;
		};
		74397E3219C1F69200D37966 /* Release */ = {
			isa = XCBuildConfiguration;
			buildSettings = {
				BUNDLE_LOADER = "$(BUILT_PRODUCTS_DIR)/VSTests.app/VSTests";
				FRAMEWORK_SEARCH_PATHS = (
					"$(SDKROOT)/Developer/Library/Frameworks",
					"$(inherited)",
					"$(DEVELOPER_FRAMEWORKS_DIR)",
				);
				GCC_PRECOMPILE_PREFIX_HEADER = YES;
				GCC_PREFIX_HEADER = "VSTests/VSTests-Prefix.pch";
				INFOPLIST_FILE = "VSTestsTests/VSTestsTests-Info.plist";
				PRODUCT_NAME = "$(TARGET_NAME)";
				TEST_HOST = "$(BUNDLE_LOADER)";
				WRAPPER_EXTENSION = xctest;
			};
			name = Release;
		};
/* End XCBuildConfiguration section */

/* Begin XCConfigurationList section */
		74397DF319C1F69200D37966 /* Build configuration list for PBXProject "VSTests" */ = {
			isa = XCConfigurationList;
			buildConfigurations = (
				74397E2B19C1F69200D37966 /* Debug */,
				74397E2C19C1F69200D37966 /* Release */,
			);
			defaultConfigurationIsVisible = 0;
			defaultConfigurationName = Release;
		};
		74397E2D19C1F69200D37966 /* Build configuration list for PBXNativeTarget "VSTests" */ = {
			isa = XCConfigurationList;
			buildConfigurations = (
				74397E2E19C1F69200D37966 /* Debug */,
				74397E2F19C1F69200D37966 /* Release */,
			);
			defaultConfigurationIsVisible = 0;
			defaultConfigurationName = Release;
		};
		74397E3019C1F69200D37966 /* Build configuration list for PBXNativeTarget "VSTestsTests" */ = {
			isa = XCConfigurationList;
			buildConfigurations = (
				74397E3119C1F69200D37966 /* Debug */,
				74397E3219C1F69200D37966 /* Release */,
			);
			defaultConfigurationIsVisible = 0;
			defaultConfigurationName = Release;
		};
/* End XCConfigurationList section */
	};
	rootObject = 74397DF019C1F69200D37966 /* Project object */;
}
